
Microsoft Visual Studio Solution File, Format Version 12.00
# Visual Studio 2013
VisualStudioVersion = 12.0.31101.0
MinimumVisualStudioVersion = 10.0.40219.1
Project("{FAE04EC0-301F-11D3-BF4B-00C04F79EFBC}") = "BeitragsgeneratorSTS2", "BeitragsgeneratorSTS2\BeitragsgeneratorSTS2.csproj", "{FE9E416B-1A12-4090-877F-5E4A5C257A11}"
EndProject
Global
	GlobalSection(SolutionConfigurationPlatforms) = preSolution
		Debug|Any CPU = Debug|Any CPU
		Release|Any CPU = Release|Any CPU
	EndGlobalSection
	GlobalSection(ProjectConfigurationPlatforms) = postSolution
		{FE9E416B-1A12-4090-877F-5E4A5C257A11}.Debug|Any CPU.ActiveCfg = Debug|Any CPU
		{FE9E416B-1A12-4090-877F-5E4A5C257A11}.Debug|Any CPU.Build.0 = Debug|Any CPU
		{FE9E416B-1A12-4090-877F-5E4A5C257A11}.Release|Any CPU.ActiveCfg = Release|Any CPU
		{FE9E416B-1A12-4090-877F-5E4A5C257A11}.Release|Any CPU.Build.0 = Release|Any CPU
	EndGlobalSection
	GlobalSection(SolutionProperties) = preSolution
		HideSolutionNode = FALSE
	EndGlobalSection
EndGlobal
